
Microsoft Visual Studio Solution File, Format Version 12.00
# Visual Studio Version 17
VisualStudioVersion = 17.14.36414.22 d17.14
MinimumVisualStudioVersion = 10.0.40219.1
Project("{FAE04EC0-301F-11D3-BF4B-00C04F79EFBC}") = "EmployeesForm", "EmployeesForm.csproj", "{C72F5F1E-909A-47A2-A744-02432E3C28FF}"
EndProject
Global
	GlobalSection(SolutionConfigurationPlatforms) = preSolution
		Debug|Any CPU = Debug|Any CPU
		Release|Any CPU = Release|Any CPU
	EndGlobalSection
	GlobalSection(ProjectConfigurationPlatforms) = postSolution
		{C72F5F1E-909A-47A2-A744-02432E3C28FF}.Debug|Any CPU.ActiveCfg = Debug|Any CPU
		{C72F5F1E-909A-47A2-A744-02432E3C28FF}.Debug|Any CPU.Build.0 = Debug|Any CPU
		{C72F5F1E-909A-47A2-A744-02432E3C28FF}.Release|Any CPU.ActiveCfg = Release|Any CPU
		{C72F5F1E-909A-47A2-A744-02432E3C28FF}.Release|Any CPU.Build.0 = Release|Any CPU
	EndGlobalSection
	GlobalSection(SolutionProperties) = preSolution
		HideSolutionNode = FALSE
	EndGlobalSection
	GlobalSection(ExtensibilityGlobals) = postSolution
		SolutionGuid = {6C485854-3A33-4F5A-AA5D-F8AFBC49665A}
	EndGlobalSection
EndGlobal
